id: confirmBlock
type: widget
subtype: ButtonWidget2
template:
  ordered:
    - horizontalAlign: stretch
    - clickable: false
    - iconAfter: ''
    - submitTargetId: null
    - marginType: normal
    - hidden: false
    - text: Block IDs
    - showInEditor: false
    - tooltipText: ''
    - style:
        ordered:
          - background: warning
    - styleVariant: solid
    - submit: false
    - iconBefore: ''
    - events:
        - ordered:
            - event: click
            - type: datasource
            - method: trigger
            - pluginId: patchBlockIDs
            - targetId: null
            - params:
                ordered: []
            - waitType: debounce
            - waitMs: '0'
        - ordered:
            - event: click
            - type: widget
            - method: close
            - pluginId: blockConfirm
            - targetId: null
            - params:
                ordered: []
            - waitType: debounce
            - waitMs: '0'
    - loading: false
    - loaderPosition: auto
    - disabled: false
    - maintainSpaceWhenHidden: false
style:
  ordered: []
position2:
  position2:
    container: blockConfirm
    row: 5
    col: 6
    height: 1
    width: 5
createdAt: 2022-09-26T20:27:15.906Z
